Microsoft Visual Studio Solution File, Format Version 12.00
# Visual Studio Version 17
VisualStudioVersion = 17.5.2.0
MinimumVisualStudioVersion = 10.0.40219.1
Project("{FAE04EC0-301F-11D3-BF4B-00C04F79EFBC}") = "MeetingRoom.Api", "MeetingRoom.Api.csproj", "{9ABD4BC9-6DCD-552E-BB1F-84D5B6ACC489}"
EndProject
Global
	GlobalSection(SolutionConfigurationPlatforms) = preSolution
		Debug|Any CPU = Debug|Any CPU
		Release|Any CPU = Release|Any CPU
	EndGlobalSection
	GlobalSection(ProjectConfigurationPlatforms) = postSolution
		{9ABD4BC9-6DCD-552E-BB1F-84D5B6ACC489}.Debug|Any CPU.ActiveCfg = Debug|Any CPU
		{9ABD4BC9-6DCD-552E-BB1F-84D5B6ACC489}.Debug|Any CPU.Build.0 = Debug|Any CPU
		{9ABD4BC9-6DCD-552E-BB1F-84D5B6ACC489}.Release|Any CPU.ActiveCfg = Release|Any CPU
		{9ABD4BC9-6DCD-552E-BB1F-84D5B6ACC489}.Release|Any CPU.Build.0 = Release|Any CPU
	EndGlobalSection
	GlobalSection(SolutionProperties) = preSolution
		HideSolutionNode = FALSE
	EndGlobalSection
	GlobalSection(ExtensibilityGlobals) = postSolution
		SolutionGuid = {F8F89CC6-8F28-42DE-A6EC-FE0A91793004}
	EndGlobalSection
EndGlobal
